// !$*UTF8*$!
{
	archiveVersion = 1;
	classes = {
	};
	objectVersion = 46;
	objects = {

/* Begin PBXBuildFile section */
		461A05A01ED32E9C00081AA5 /* AppDelegate.swift in Sources */ = {isa = PBXBuildFile; fileRef = 461A059F1ED32E9C00081AA5 /* AppDelegate.swift */; };
		461A05A21ED32E9C00081AA5 /* ViewController.swift in Sources */ = {isa = PBXBuildFile; fileRef = 461A05A11ED32E9C00081AA5 /* ViewController.swift */; };
		461A05A51ED32E9C00081AA5 /* Main.storyboard in Resources */ = {isa = PBXBuildFile; fileRef = 461A05A31ED32E9C00081AA5 /* Main.storyboard */; };
		461A05A71ED32E9C00081AA5 /* Assets.xcassets in Resources */ = {isa = PBXBuildFile; fileRef = 461A05A61ED32E9C00081AA5 /* Assets.xcassets */; };
		461A05AA1ED32E9C00081AA5 /* LaunchScreen.storyboard in Resources */ = {isa = PBXBuildFile; fileRef = 461A05A81ED32E9C00081AA5 /* LaunchScreen.storyboard */; };
		463D6A261ED390C00027C8FF /* MKTween.framework in Embed Frameworks */ = {isa = PBXBuildFile; fileRef = 463D6A1D1ED38FBB0027C8FF /* MKTween.framework */; settings = {ATTRIBUTES = (CodeSignOnCopy, RemoveHeadersOnCopy, ); }; };
		465427911ED32F16004F10C0 /* Laba.framework in Frameworks */ = {isa = PBXBuildFile; fileRef = 465427901ED32F16004F10C0 /* Laba.framework */; };
/* End PBXBuildFile section */

/* Begin PBXCopyFilesBuildPhase section */
		463D6A271ED390C00027C8FF /* Embed Frameworks */ = {
			isa = PBXCopyFilesBuildPhase;
			buildActionMask = 2147483647;
			dstPath = "";
			dstSubfolderSpec = 10;
			files = (
				463D6A261ED390C00027C8FF /* MKTween.framework in Embed Frameworks */,
			);
			name = "Embed Frameworks";
			runOnlyForDeploymentPostprocessing = 0;
		};
/* End PBXCopyFilesBuildPhase section */

/* Begin PBXFileReference section */
		461A059C1ED32E9C00081AA5 /* LabaExample.app */ = {isa = PBXFileReference; explicitFileType = wrapper.application; includeInIndex = 0; path = LabaExample.app; sourceTree = BUILT_PRODUCTS_DIR; };
		461A059F1ED32E9C00081AA5 /* AppDelegate.swift */ = {isa = PBXFileReference; lastKnownFileType = sourcecode.swift; path = AppDelegate.swift; sourceTree = "<group>"; };
		461A05A11ED32E9C00081AA5 /* ViewController.swift */ = {isa = PBXFileReference; lastKnownFileType = sourcecode.swift; path = ViewController.swift; sourceTree = "<group>"; };
		461A05A41ED32E9C00081AA5 /* Base */ = {isa = PBXFileReference; lastKnownFileType = file.storyboard; name = Base; path = Base.lproj/Main.storyboard; sourceTree = "<group>"; };
		461A05A61ED32E9C00081AA5 /* Assets.xcassets */ = {isa = PBXFileReference; lastKnownFileType = folder.assetcatalog; path = Assets.xcassets; sourceTree = "<group>"; };
		461A05A91ED32E9C00081AA5 /* Base */ = {isa = PBXFileReference; lastKnownFileType = file.storyboard; name = Base; path = Base.lproj/LaunchScreen.storyboard; sourceTree = "<group>"; };
		461A05AB1ED32E9C00081AA5 /* Info.plist */ = {isa = PBXFileReference; lastKnownFileType = text.plist.xml; path = Info.plist; sourceTree = "<group>"; };
		463D6A1D1ED38FBB0027C8FF /* MKTween.framework */ = {isa = PBXFileReference; lastKnownFileType = wrapper.framework; name = MKTween.framework; path = ../MKTween/Frameworks/MKTween.framework; sourceTree = "<group>"; };
		465427901ED32F16004F10C0 /* Laba.framework */ = {isa = PBXFileReference; lastKnownFileType = wrapper.framework; name = Laba.framework; path = "../build/Debug-iphoneos/Laba.framework"; sourceTree = "<group>"; };
/* End PBXFileReference section */

/* Begin PBXFrameworksBuildPhase section */
		461A05991ED32E9C00081AA5 /* Frameworks */ = {
			isa = PBXFrameworksBuildPhase;
			buildActionMask = 2147483647;
			files = (
				465427911ED32F16004F10C0 /* Laba.framework in Frameworks */,
			);
			runOnlyForDeploymentPostprocessing = 0;
		};
/* End PBXFrameworksBuildPhase section */

/* Begin PBXGroup section */
		461A05931ED32E9C00081AA5 = {
			isa = PBXGroup;
			children = (
				461A059E1ED32E9C00081AA5 /* LabaExample */,
				461A059D1ED32E9C00081AA5 /* Products */,
				4654278F1ED32F16004F10C0 /* Frameworks */,
			);
			sourceTree = "<group>";
		};
		461A059D1ED32E9C00081AA5 /* Products */ = {
			isa = PBXGroup;
			children = (
				461A059C1ED32E9C00081AA5 /* LabaExample.app */,
			);
			name = Products;
			sourceTree = "<group>";
		};
		461A059E1ED32E9C00081AA5 /* LabaExample */ = {
			isa = PBXGroup;
			children = (
				461A059F1ED32E9C00081AA5 /* AppDelegate.swift */,
				461A05A11ED32E9C00081AA5 /* ViewController.swift */,
				461A05A31ED32E9C00081AA5 /* Main.storyboard */,
				461A05A61ED32E9C00081AA5 /* Assets.xcassets */,
				461A05A81ED32E9C00081AA5 /* LaunchScreen.storyboard */,
				461A05AB1ED32E9C00081AA5 /* Info.plist */,
			);
			path = LabaExample;
			sourceTree = "<group>";
		};
		4654278F1ED32F16004F10C0 /* Frameworks */ = {
			isa = PBXGroup;
			children = (
				463D6A1D1ED38FBB0027C8FF /* MKTween.framework */,
				465427901ED32F16004F10C0 /* Laba.framework */,
			);
			name = Frameworks;
			sourceTree = "<group>";
		};
/* End PBXGroup section */

/* Begin PBXNativeTarget section */
		461A059B1ED32E9C00081AA5 /* LabaExample */ = {
			isa = PBXNativeTarget;
			buildConfigurationList = 461A05AE1ED32E9C00081AA5 /* Build configuration list for PBXNativeTarget "LabaExample" */;
			buildPhases = (
				461A05981ED32E9C00081AA5 /* Sources */,
				461A05991ED32E9C00081AA5 /* Frameworks */,
				461A059A1ED32E9C00081AA5 /* Resources */,
				463D6A271ED390C00027C8FF /* Embed Frameworks */,
			);
			buildRules = (
			);
			dependencies = (
			);
			name = LabaExample;
			productName = LabaExample;
			productReference = 461A059C1ED32E9C00081AA5 /* LabaExample.app */;
			productType = "com.apple.product-type.application";
		};
/* End PBXNativeTarget section */

/* Begin PBXProject section */
		461A05941ED32E9C00081AA5 /* Project object */ = {
			isa = PBXProject;
			attributes = {
				LastSwiftUpdateCheck = 0830;
				LastUpgradeCheck = 0830;
				ORGANIZATIONNAME = "Rocco Bowling";
				TargetAttributes = {
					461A059B1ED32E9C00081AA5 = {
						CreatedOnToolsVersion = 8.3.2;
						DevelopmentTeam = A2ZC39N8TE;
						ProvisioningStyle = Automatic;
					};
				};
			};
			buildConfigurationList = 461A05971ED32E9C00081AA5 /* Build configuration list for PBXProject "LabaExample" */;
			compatibilityVersion = "Xcode 3.2";
			developmentRegion = English;
			hasScannedForEncodings = 0;
			knownRegions = (
				en,
				Base,
			);
			mainGroup = 461A05931ED32E9C00081AA5;
			productRefGroup = 461A059D1ED32E9C00081AA5 /* Products */;
			projectDirPath = "";
			projectRoot = "";
			targets = (
				461A059B1ED32E9C00081AA5 /* LabaExample */,
			);
		};
/* End PBXProject section */

/* Begin PBXResourcesBuildPhase section */
		461A059A1ED32E9C00081AA5 /* Resources */ = {
			isa = PBXResourcesBuildPhase;
			buildActionMask = 2147483647;
			files = (
				461A05AA1ED32E9C00081AA5 /* LaunchScreen.storyboard in Resources */,
				461A05A71ED32E9C00081AA5 /* Assets.xcassets in Resources */,
				461A05A51ED32E9C00081AA5 /* Main.storyboard in Resources */,
			);
			runOnlyForDeploymentPostprocessing = 0;
		};
/* End PBXResourcesBuildPhase section */

/* Begin PBXSourcesBuildPhase section */
		461A05981ED32E9C00081AA5 /* Sources */ = {
			isa = PBXSourcesBuildPhase;
			buildActionMask = 2147483647;
			files = (
				461A05A21ED32E9C00081AA5 /* ViewController.swift in Sources */,
				461A05A01ED32E9C00081AA5 /* AppDelegate.swift in Sources */,
			);
			runOnlyForDeploymentPostprocessing = 0;
		};
/* End PBXSourcesBuildPhase section */

/* Begin PBXVariantGroup section */
		461A05A31ED32E9C00081AA5 /* Main.storyboard */ = {
			isa = PBXVariantGroup;
			children = (
				461A05A41ED32E9C00081AA5 /* Base */,
			);
			name = Main.storyboard;
			sourceTree = "<group>";
		};
		461A05A81ED32E9C00081AA5 /* LaunchScreen.storyboard */ = {
			isa = PBXVariantGroup;
			children = (
				461A05A91ED32E9C00081AA5 /* Base */,
			);
			name = LaunchScreen.storyboard;
			sourceTree = "<group>";
		};
/* End PBXVariantGroup section */

/* Begin XCBuildConfiguration section */
		461A05AC1ED32E9C00081AA5 /* Debug */ = {
			isa = XCBuildConfiguration;
			buildSettings = {
				ALWAYS_SEARCH_USER_PATHS = NO;
				CLANG_ANALYZER_NONNULL = YES;
				CLANG_ANALYZER_NUMBER_OBJECT_CONVERSION = YES_AGGRESSIVE;
				CLANG_CXX_LANGUAGE_STANDARD = "gnu++0x";
				CLANG_CXX_LIBRARY = "libc++";
				CLANG_ENABLE_MODULES = YES;
				CLANG_ENABLE_OBJC_ARC = YES;
				CLANG_WARN_BOOL_CONVERSION = YES;
				CLANG_WARN_CONSTANT_CONVERSION = YES;
				CLANG_WARN_DIRECT_OBJC_ISA_USAGE = YES_ERROR;
				CLANG_WARN_DOCUMENTATION_COMMENTS = YES;
				CLANG_WARN_EMPTY_BODY = YES;
				CLANG_WARN_ENUM_CONVERSION = YES;
				CLANG_WARN_INFINITE_RECURSION = YES;
				CLANG_WARN_INT_CONVERSION = YES;
				CLANG_WARN_OBJC_ROOT_CLASS = YES_ERROR;
				CLANG_WARN_SUSPICIOUS_MOVE = YES;
				CLANG_WARN_UNREACHABLE_CODE = YES;
				CLANG_WARN__DUPLICATE_METHOD_MATCH = YES;
				"CODE_SIGN_IDENTITY[sdk=iphoneos*]" = "iPhone Developer";
				COPY_PHASE_STRIP = NO;
				DEBUG_INFORMATION_FORMAT = dwarf;
				ENABLE_STRICT_OBJC_MSGSEND = YES;
				ENABLE_TESTABILITY = YES;
				GCC_C_LANGUAGE_STANDARD = gnu99;
				GCC_DYNAMIC_NO_PIC = NO;
				GCC_NO_COMMON_BLOCKS = YES;
				GCC_OPTIMIZATION_LEVEL = 0;
				GCC_PREPROCESSOR_DEFINITIONS = (
					"DEBUG=1",
					"$(inherited)",
				);
				GCC_WARN_64_TO_32_BIT_CONVERSION = YES;
				GCC_WARN_ABOUT_RETURN_TYPE = YES_ERROR;
				GCC_WARN_UNDECLARED_SELECTOR = YES;
				GCC_WARN_UNINITIALIZED_AUTOS = YES_AGGRESSIVE;
				GCC_WARN_UNUSED_FUNCTION = YES;
				GCC_WARN_UNUSED_VARIABLE = YES;
				IPHONEOS_DEPLOYMENT_TARGET = 10.3;
				MTL_ENABLE_DEBUG_INFO = YES;
				ONLY_ACTIVE_ARCH = YES;
				SDKROOT = iphoneos;
				SWIFT_ACTIVE_COMPILATION_CONDITIONS = DEBUG;
				SWIFT_OPTIMIZATION_LEVEL = "-Onone";
				TARGETED_DEVICE_FAMILY = "1,2";
			};
			name = Debug;
		};
		461A05AD1ED32E9C00081AA5 /* Release */ = {
			isa = XCBuildConfiguration;
			buildSettings = {
				ALWAYS_SEARCH_USER_PATHS = NO;
				CLANG_ANALYZER_NONNULL = YES;
				CLANG_ANALYZER_NUMBER_OBJECT_CONVERSION = YES_AGGRESSIVE;
				CLANG_CXX_LANGUAGE_STANDARD = "gnu++0x";
				CLANG_CXX_LIBRARY = "libc++";
				CLANG_ENABLE_MODULES = YES;
				CLANG_ENABLE_OBJC_ARC = YES;
				CLANG_WARN_BOOL_CONVERSION = YES;
				CLANG_WARN_CONSTANT_CONVERSION = YES;
				CLANG_WARN_DIRECT_OBJC_ISA_USAGE = YES_ERROR;
				CLANG_WARN_DOCUMENTATION_COMMENTS = YES;
				CLANG_WARN_EMPTY_BODY = YES;
				CLANG_WARN_ENUM_CONVERSION = YES;
				CLANG_WARN_INFINITE_RECURSION = YES;
				CLANG_WARN_INT_CONVERSION = YES;
				CLANG_WARN_OBJC_ROOT_CLASS = YES_ERROR;
				CLANG_WARN_SUSPICIOUS_MOVE = YES;
				CLANG_WARN_UNREACHABLE_CODE = YES;
				CLANG_WARN__DUPLICATE_METHOD_MATCH = YES;
				"CODE_SIGN_IDENTITY[sdk=iphoneos*]" = "iPhone Developer";
				COPY_PHASE_STRIP = NO;
				DEBUG_INFORMATION_FORMAT = "dwarf-with-dsym";
				ENABLE_NS_ASSERTIONS = NO;
				ENABLE_STRICT_OBJC_MSGSEND = YES;
				GCC_C_LANGUAGE_STANDARD = gnu99;
				GCC_NO_COMMON_BLOCKS = YES;
				GCC_WARN_64_TO_32_BIT_CONVERSION = YES;
				GCC_WARN_ABOUT_RETURN_TYPE = YES_ERROR;
				GCC_WARN_UNDECLARED_SELECTOR = YES;
				GCC_WARN_UNINITIALIZED_AUTOS = YES_AGGRESSIVE;
				GCC_WARN_UNUSED_FUNCTION = YES;
				GCC_WARN_UNUSED_VARIABLE = YES;
				IPHONEOS_DEPLOYMENT_TARGET = 10.3;
				MTL_ENABLE_DEBUG_INFO = NO;
				SDKROOT = iphoneos;
				SWIFT_OPTIMIZATION_LEVEL = "-Owholemodule";
				TARGETED_DEVICE_FAMILY = "1,2";
				VALIDATE_PRODUCT = YES;
			};
			name = Release;
		};
		461A05AF1ED32E9C00081AA5 /* Debug */ = {
			isa = XCBuildConfiguration;
			buildSettings = {
				ASSETCATALOG_COMPILER_APPICON_NAME = AppIcon;
				DEVELOPMENT_TEAM = A2ZC39N8TE;
				INFOPLIST_FILE = LabaExample/Info.plist;
				LD_RUNPATH_SEARCH_PATHS = "$(inherited) @executable_path/Frameworks";
				PRODUCT_BUNDLE_IDENTIFIER = com.smallplanet.laba.example.LabaExample;
				PRODUCT_NAME = "$(TARGET_NAME)";
				SWIFT_VERSION = 3.0;
			};
			name = Debug;
		};
		461A05B01ED32E9C00081AA5 /* Release */ = {
			isa = XCBuildConfiguration;
			buildSettings = {
				ASSETCATALOG_COMPILER_APPICON_NAME = AppIcon;
				DEVELOPMENT_TEAM = A2ZC39N8TE;
				INFOPLIST_FILE = LabaExample/Info.plist;
				LD_RUNPATH_SEARCH_PATHS = "$(inherited) @executable_path/Frameworks";
				PRODUCT_BUNDLE_IDENTIFIER = com.smallplanet.laba.example.LabaExample;
				PRODUCT_NAME = "$(TARGET_NAME)";
				SWIFT_VERSION = 3.0;
			};
			name = Release;
		};
/* End XCBuildConfiguration section */

/* Begin XCConfigurationList section */
		461A05971ED32E9C00081AA5 /* Build configuration list for PBXProject "LabaExample" */ = {
			isa = XCConfigurationList;
			buildConfigurations = (
				461A05AC1ED32E9C00081AA5 /* Debug */,
				461A05AD1ED32E9C00081AA5 /* Release */,
			);
			defaultConfigurationIsVisible = 0;
			defaultConfigurationName = Release;
		};
		461A05AE1ED32E9C00081AA5 /* Build configuration list for PBXNativeTarget "LabaExample" */ = {
			isa = XCConfigurationList;
			buildConfigurations = (
				461A05AF1ED32E9C00081AA5 /* Debug */,
				461A05B01ED32E9C00081AA5 /* Release */,
			);
			defaultConfigurationIsVisible = 0;
			defaultConfigurationName = Release;
		};
/* End XCConfigurationList section */
	};
	rootObject = 461A05941ED32E9C00081AA5 /* Project object */;
}
